
Microsoft Visual Studio Solution File, Format Version 12.00
# Visual Studio Version 17
VisualStudioVersion = 17.5.002.0
MinimumVisualStudioVersion = 10.0.40219.1
Project("{9A19103F-16F7-4668-BE54-9A1E7A4F7556}") = "hello", "hello.csproj", "{6C057FC2-CC3A-47E8-8699-7D9DB5A8BF6D}"
EndProject
Global
	GlobalSection(SolutionConfigurationPlatforms) = preSolution
		Debug|Any CPU = Debug|Any CPU
		Release|Any CPU = Release|Any CPU
	EndGlobalSection
	GlobalSection(ProjectConfigurationPlatforms) = postSolution
		{6C057FC2-CC3A-47E8-8699-7D9DB5A8BF6D}.Debug|Any CPU.ActiveCfg = Debug|Any CPU
		{6C057FC2-CC3A-47E8-8699-7D9DB5A8BF6D}.Debug|Any CPU.Build.0 = Debug|Any CPU
		{6C057FC2-CC3A-47E8-8699-7D9DB5A8BF6D}.Release|Any CPU.ActiveCfg = Release|Any CPU
		{6C057FC2-CC3A-47E8-8699-7D9DB5A8BF6D}.Release|Any CPU.Build.0 = Release|Any CPU
	EndGlobalSection
	GlobalSection(SolutionProperties) = preSolution
		HideSolutionNode = FALSE
	EndGlobalSection
	GlobalSection(ExtensibilityGlobals) = postSolution
		SolutionGuid = {8962195A-1AB2-402C-8144-B775898C7B12}
	EndGlobalSection
EndGlobal
